
Microsoft Visual Studio Solution File, Format Version 12.00
# Visual Studio 15
VisualStudioVersion = 15.0.27130.2010
MinimumVisualStudioVersion = 10.0.40219.1
Project("{FAE04EC0-301F-11D3-BF4B-00C04F79EFBC}") = "TCPSample", "TCPSample\TCPSample.csproj", "{5DBC1E7C-D6DC-4289-947A-49973EFA6B90}"
EndProject
Project("{FAE04EC0-301F-11D3-BF4B-00C04F79EFBC}") = "Logger", "Logger\Logger.csproj", "{6E450F1F-DF55-4653-805F-73F406CFB71B}"
EndProject
Project("{FAE04EC0-301F-11D3-BF4B-00C04F79EFBC}") = "TCPInfrastructure", "TCPInfrastructure\TCPInfrastructure.csproj", "{BE66C8A1-97AC-49B9-85CF-CD206D86BE38}"
EndProject
Project("{FAE04EC0-301F-11D3-BF4B-00C04F79EFBC}") = "SAXWrapper", "SAXWrapper\SAXWrapper.csproj", "{4D90BB61-4A11-47B5-B7CA-F8CEE5B6EF36}"
EndProject
Project("{2150E333-8FDC-42A3-9474-1A3956D46DE8}") = "Solution Items", "Solution Items", "{D6C7C780-C402-43A8-A243-5ED73E39D0A6}"
	ProjectSection(SolutionItems) = preProject
		LICENSE = LICENSE
		ReadMe.txt = ReadMe.txt
	EndProjectSection
EndProject
Project("{FAE04EC0-301F-11D3-BF4B-00C04F79EFBC}") = "JobInfrastructure", "JobInfrastructure\JobInfrastructure.csproj", "{8BB403BE-7BD6-4F4D-B4D1-0942736C6499}"
EndProject
Global
	GlobalSection(SolutionConfigurationPlatforms) = preSolution
		Debug|Any CPU = Debug|Any CPU
		Release|Any CPU = Release|Any CPU
	EndGlobalSection
	GlobalSection(ProjectConfigurationPlatforms) = postSolution
		{5DBC1E7C-D6DC-4289-947A-49973EFA6B90}.Debug|Any CPU.ActiveCfg = Debug|Any CPU
		{5DBC1E7C-D6DC-4289-947A-49973EFA6B90}.Debug|Any CPU.Build.0 = Debug|Any CPU
		{5DBC1E7C-D6DC-4289-947A-49973EFA6B90}.Release|Any CPU.ActiveCfg = Release|Any CPU
		{5DBC1E7C-D6DC-4289-947A-49973EFA6B90}.Release|Any CPU.Build.0 = Release|Any CPU
		{6E450F1F-DF55-4653-805F-73F406CFB71B}.Debug|Any CPU.ActiveCfg = Debug|Any CPU
		{6E450F1F-DF55-4653-805F-73F406CFB71B}.Debug|Any CPU.Build.0 = Debug|Any CPU
		{6E450F1F-DF55-4653-805F-73F406CFB71B}.Release|Any CPU.ActiveCfg = Release|Any CPU
		{6E450F1F-DF55-4653-805F-73F406CFB71B}.Release|Any CPU.Build.0 = Release|Any CPU
		{BE66C8A1-97AC-49B9-85CF-CD206D86BE38}.Debug|Any CPU.ActiveCfg = Debug|Any CPU
		{BE66C8A1-97AC-49B9-85CF-CD206D86BE38}.Debug|Any CPU.Build.0 = Debug|Any CPU
		{BE66C8A1-97AC-49B9-85CF-CD206D86BE38}.Release|Any CPU.ActiveCfg = Release|Any CPU
		{BE66C8A1-97AC-49B9-85CF-CD206D86BE38}.Release|Any CPU.Build.0 = Release|Any CPU
		{4D90BB61-4A11-47B5-B7CA-F8CEE5B6EF36}.Debug|Any CPU.ActiveCfg = Debug|Any CPU
		{4D90BB61-4A11-47B5-B7CA-F8CEE5B6EF36}.Debug|Any CPU.Build.0 = Debug|Any CPU
		{4D90BB61-4A11-47B5-B7CA-F8CEE5B6EF36}.Release|Any CPU.ActiveCfg = Release|Any CPU
		{4D90BB61-4A11-47B5-B7CA-F8CEE5B6EF36}.Release|Any CPU.Build.0 = Release|Any CPU
		{8BB403BE-7BD6-4F4D-B4D1-0942736C6499}.Debug|Any CPU.ActiveCfg = Debug|Any CPU
		{8BB403BE-7BD6-4F4D-B4D1-0942736C6499}.Debug|Any CPU.Build.0 = Debug|Any CPU
		{8BB403BE-7BD6-4F4D-B4D1-0942736C6499}.Release|Any CPU.ActiveCfg = Release|Any CPU
		{8BB403BE-7BD6-4F4D-B4D1-0942736C6499}.Release|Any CPU.Build.0 = Release|Any CPU
	EndGlobalSection
	GlobalSection(SolutionProperties) = preSolution
		HideSolutionNode = FALSE
	EndGlobalSection
	GlobalSection(ExtensibilityGlobals) = postSolution
		SolutionGuid = {CBFFE781-A5FB-4355-9A6B-2C3C168F16A8}
	EndGlobalSection
EndGlobal
